gitee.com/baixudong/chanx v0.0.0-20230726070314-a4157ad8375d h1:dhnrh1i3UuFavYuY6yBXlCs9aSvZFFudGOSDPJFDAsU=
gitee.com/baixudong/chanx v0.0.0-20230726070314-a4157ad8375d/go.mod h1:0d5OtTAFYuM8t4teGiiu05605qsOnJ6FtSc9ErpKMf0=
gitee.com/baixudong/chanx v0.0.0-20230816024511-b821b53110c5 h1:8DEL8gx3zrXqpXGdj2cNkhd4lD6u88x265hMfkDRXzA=
gitee.com/baixudong/chanx v0.0.0-20230816024511-b821b53110c5/go.mod h1:7rI5yHN6MWBUGGFxovPffEtUkWzWI5g53ZfqxQWYGT8=
